
Microsoft Visual Studio Solution File, Format Version 12.00
# Visual Studio Version 16
VisualStudioVersion = 16.0.810.8
MinimumVisualStudioVersion = 10.0.40219.1
Project("{FAE04EC0-301F-11D3-BF4B-00C04F79EFBC}") = "JsonConverterr.Tests", "JsonConverterr.Tests\JsonConverterr.Tests.csproj", "{86FB7B40-33D9-4A59-96FB-DBA12FA8F9CC}"
EndProject
Project("{FAE04EC0-301F-11D3-BF4B-00C04F79EFBC}") = "JsonConverterr", "JsonConverterr\JsonConverterr.csproj", "{D76CBCF5-8E1E-494B-9F2F-AE512D048964}"
EndProject
Global
	GlobalSection(SolutionConfigurationPlatforms) = preSolution
		Debug|Any CPU = Debug|Any CPU
		Release|Any CPU = Release|Any CPU
	EndGlobalSection
	GlobalSection(ProjectConfigurationPlatforms) = postSolution
		{86FB7B40-33D9-4A59-96FB-DBA12FA8F9CC}.Debug|Any CPU.ActiveCfg = Debug|Any CPU
		{86FB7B40-33D9-4A59-96FB-DBA12FA8F9CC}.Debug|Any CPU.Build.0 = Debug|Any CPU
		{86FB7B40-33D9-4A59-96FB-DBA12FA8F9CC}.Release|Any CPU.ActiveCfg = Release|Any CPU
		{86FB7B40-33D9-4A59-96FB-DBA12FA8F9CC}.Release|Any CPU.Build.0 = Release|Any CPU
		{D76CBCF5-8E1E-494B-9F2F-AE512D048964}.Debug|Any CPU.ActiveCfg = Debug|Any CPU
		{D76CBCF5-8E1E-494B-9F2F-AE512D048964}.Debug|Any CPU.Build.0 = Debug|Any CPU
		{D76CBCF5-8E1E-494B-9F2F-AE512D048964}.Release|Any CPU.ActiveCfg = Release|Any CPU
		{D76CBCF5-8E1E-494B-9F2F-AE512D048964}.Release|Any CPU.Build.0 = Release|Any CPU
	EndGlobalSection
	GlobalSection(SolutionProperties) = preSolution
		HideSolutionNode = FALSE
	EndGlobalSection
	GlobalSection(ExtensibilityGlobals) = postSolution
		SolutionGuid = {9BFC2FB3-43B6-4479-9AA6-4191BE50FED5}
	EndGlobalSection
	GlobalSection(NestedProjects) = preSolution
	EndGlobalSection
EndGlobal
